
Microsoft Visual Studio Solution File, Format Version 12.00
# Visual Studio Version 16
VisualStudioVersion = 16.0.32228.343
MinimumVisualStudioVersion = 10.0.40219.1
Project("{FAE04EC0-301F-11D3-BF4B-00C04F79EFBC}") = "YardControlSystem", "YardControlSystem\YardControlSystem.csproj", "{AF363D3B-FB58-425E-B672-E38F9C285CBD}"
EndProject
Global
	GlobalSection(SolutionConfigurationPlatforms) = preSolution
		Debug|Any CPU = Debug|Any CPU
		Release|Any CPU = Release|Any CPU
	EndGlobalSection
	GlobalSection(ProjectConfigurationPlatforms) = postSolution
		{AF363D3B-FB58-425E-B672-E38F9C285CBD}.Debug|Any CPU.ActiveCfg = Debug|Any CPU
		{AF363D3B-FB58-425E-B672-E38F9C285CBD}.Debug|Any CPU.Build.0 = Debug|Any CPU
		{AF363D3B-FB58-425E-B672-E38F9C285CBD}.Release|Any CPU.ActiveCfg = Release|Any CPU
		{AF363D3B-FB58-425E-B672-E38F9C285CBD}.Release|Any CPU.Build.0 = Release|Any CPU
	EndGlobalSection
	GlobalSection(SolutionProperties) = preSolution
		HideSolutionNode = FALSE
	EndGlobalSection
	GlobalSection(ExtensibilityGlobals) = postSolution
		SolutionGuid = {FDD11A60-88F6-4552-9463-8994A14D745F}
	EndGlobalSection
EndGlobal
